
Microsoft Visual Studio Solution File, Format Version 10.00
# Visual Studio 2008
Project("{8BC9CEB8-8B4A-11D0-8D11-00A0C91BC942}") = "Cubase Device Panel Mapper", "Cubase Device Panel Mapper.vcproj", "{C898490A-2FF0-4632-86A0-CCCC46FC9C7F}"
EndProject
Global
	GlobalSection(SolutionConfigurationPlatforms) = preSolution
		Debug|Win32 = Debug|Win32
		Release|Win32 = Release|Win32
	EndGlobalSection
	GlobalSection(ProjectConfigurationPlatforms) = postSolution
		{C898490A-2FF0-4632-86A0-CCCC46FC9C7F}.Debug|Win32.ActiveCfg = Debug|Win32
		{C898490A-2FF0-4632-86A0-CCCC46FC9C7F}.Debug|Win32.Build.0 = Debug|Win32
		{C898490A-2FF0-4632-86A0-CCCC46FC9C7F}.Release|Win32.ActiveCfg = Release|Win32
		{C898490A-2FF0-4632-86A0-CCCC46FC9C7F}.Release|Win32.Build.0 = Release|Win32
	EndGlobalSection
	GlobalSection(SolutionProperties) = preSolution
		HideSolutionNode = FALSE
	EndGlobalSection
EndGlobal
